// !$*UTF8*$!
{
	archiveVersion = 1;
	classes = {
	};
	objectVersion = 48;
	objects = {

/* Begin PBXBuildFile section */
		8486553D2029D463008263CE /* AppDelegate.swift in Sources */ = {isa = PBXBuildFile; fileRef = 8486553C2029D463008263CE /* AppDelegate.swift */; };
		848655422029D463008263CE /* Main.storyboard in Resources */ = {isa = PBXBuildFile; fileRef = 848655402029D463008263CE /* Main.storyboard */; };
		848655442029D463008263CE /* Assets.xcassets in Resources */ = {isa = PBXBuildFile; fileRef = 848655432029D463008263CE /* Assets.xcassets */; };
		848655472029D463008263CE /* LaunchScreen.storyboard in Resources */ = {isa = PBXBuildFile; fileRef = 848655452029D463008263CE /* LaunchScreen.storyboard */; };
		84C90FE42029D960005478E6 /* LoginViewController.swift in Sources */ = {isa = PBXBuildFile; fileRef = 84C90FE32029D960005478E6 /* LoginViewController.swift */; };
		84C90FE62029D996005478E6 /* Login.storyboard in Resources */ = {isa = PBXBuildFile; fileRef = 84C90FE52029D996005478E6 /* Login.storyboard */; };
		84C90FE8202AC6BE005478E6 /* Home.storyboard in Resources */ = {isa = PBXBuildFile; fileRef = 84C90FE7202AC6BE005478E6 /* Home.storyboard */; };
		84C90FEA202AC6CE005478E6 /* HomeViewController.swift in Sources */ = {isa = PBXBuildFile; fileRef = 84C90FE9202AC6CE005478E6 /* HomeViewController.swift */; };
		84C90FED202AC8BB005478E6 /* Routing.swift in Sources */ = {isa = PBXBuildFile; fileRef = 84C90FEC202AC8BB005478E6 /* Routing.swift */; };
		84C90FF0202AC9F7005478E6 /* UIStoryboard.swift in Sources */ = {isa = PBXBuildFile; fileRef = 84C90FEF202AC9F7005478E6 /* UIStoryboard.swift */; };
		84C90FF3202ACE3D005478E6 /* ChangePassword.storyboard in Resources */ = {isa = PBXBuildFile; fileRef = 84C90FF2202ACE3D005478E6 /* ChangePassword.storyboard */; };
		84C90FF5202ACE5C005478E6 /* ChangePasswordViewController.swift in Sources */ = {isa = PBXBuildFile; fileRef = 84C90FF4202ACE5C005478E6 /* ChangePasswordViewController.swift */; };
		84C90FFA202AD07A005478E6 /* UIViewController.swift in Sources */ = {isa = PBXBuildFile; fileRef = 84C90FF9202AD07A005478E6 /* UIViewController.swift */; };
/* End PBXBuildFile section */

/* Begin PBXFileReference section */
		848655392029D463008263CE /* POP-Routing.app */ = {isa = PBXFileReference; explicitFileType = wrapper.application; includeInIndex = 0; path = "POP-Routing.app"; sourceTree = BUILT_PRODUCTS_DIR; };
		8486553C2029D463008263CE /* AppDelegate.swift */ = {isa = PBXFileReference; lastKnownFileType = sourcecode.swift; path = AppDelegate.swift; sourceTree = "<group>"; };
		848655412029D463008263CE /* Base */ = {isa = PBXFileReference; lastKnownFileType = file.storyboard; name = Base; path = Base.lproj/Main.storyboard; sourceTree = "<group>"; };
		848655432029D463008263CE /* Assets.xcassets */ = {isa = PBXFileReference; lastKnownFileType = folder.assetcatalog; path = Assets.xcassets; sourceTree = "<group>"; };
		848655462029D463008263CE /* Base */ = {isa = PBXFileReference; lastKnownFileType = file.storyboard; name = Base; path = Base.lproj/LaunchScreen.storyboard; sourceTree = "<group>"; };
		848655482029D463008263CE /* Info.plist */ = {isa = PBXFileReference; lastKnownFileType = text.plist.xml; path = Info.plist; sourceTree = "<group>"; };
		84C90FE32029D960005478E6 /* LoginViewController.swift */ = {isa = PBXFileReference; lastKnownFileType = sourcecode.swift; path = LoginViewController.swift; sourceTree = "<group>"; };
		84C90FE52029D996005478E6 /* Login.storyboard */ = {isa = PBXFileReference; lastKnownFileType = file.storyboard; path = Login.storyboard; sourceTree = "<group>"; };
		84C90FE7202AC6BE005478E6 /* Home.storyboard */ = {isa = PBXFileReference; lastKnownFileType = file.storyboard; path = Home.storyboard; sourceTree = "<group>"; };
		84C90FE9202AC6CE005478E6 /* HomeViewController.swift */ = {isa = PBXFileReference; lastKnownFileType = sourcecode.swift; path = HomeViewController.swift; sourceTree = "<group>"; };
		84C90FEC202AC8BB005478E6 /* Routing.swift */ = {isa = PBXFileReference; lastKnownFileType = sourcecode.swift; path = Routing.swift; sourceTree = "<group>"; };
		84C90FEF202AC9F7005478E6 /* UIStoryboard.swift */ = {isa = PBXFileReference; lastKnownFileType = sourcecode.swift; path = UIStoryboard.swift; sourceTree = "<group>"; };
		84C90FF2202ACE3D005478E6 /* ChangePassword.storyboard */ = {isa = PBXFileReference; lastKnownFileType = file.storyboard; path = ChangePassword.storyboard; sourceTree = "<group>"; };
		84C90FF4202ACE5C005478E6 /* ChangePasswordViewController.swift */ = {isa = PBXFileReference; lastKnownFileType = sourcecode.swift; path = ChangePasswordViewController.swift; sourceTree = "<group>"; };
		84C90FF9202AD07A005478E6 /* UIViewController.swift */ = {isa = PBXFileReference; lastKnownFileType = sourcecode.swift; path = UIViewController.swift; sourceTree = "<group>"; };
/* End PBXFileReference section */

/* Begin PBXFrameworksBuildPhase section */
		848655362029D463008263CE /* Frameworks */ = {
			isa = PBXFrameworksBuildPhase;
			buildActionMask = 2147483647;
			files = (
			);
			runOnlyForDeploymentPostprocessing = 0;
		};
/* End PBXFrameworksBuildPhase section */

/* Begin PBXGroup section */
		848655302029D463008263CE = {
			isa = PBXGroup;
			children = (
				8486553B2029D463008263CE /* POP-Routing */,
				8486553A2029D463008263CE /* Products */,
			);
			sourceTree = "<group>";
		};
		8486553A2029D463008263CE /* Products */ = {
			isa = PBXGroup;
			children = (
				848655392029D463008263CE /* POP-Routing.app */,
			);
			name = Products;
			sourceTree = "<group>";
		};
		8486553B2029D463008263CE /* POP-Routing */ = {
			isa = PBXGroup;
			children = (
				8486553C2029D463008263CE /* AppDelegate.swift */,
				848655402029D463008263CE /* Main.storyboard */,
				848655432029D463008263CE /* Assets.xcassets */,
				848655452029D463008263CE /* LaunchScreen.storyboard */,
				848655482029D463008263CE /* Info.plist */,
				84C90FF1202ACE22005478E6 /* ChnagePassword */,
				84C90FF7202ACEB5005478E6 /* Login */,
				84C90FF6202ACEAD005478E6 /* Home */,
				84C90FF8202AD068005478E6 /* Extensions */,
				84C90FEB202AC89F005478E6 /* Routing */,
			);
			path = "POP-Routing";
			sourceTree = "<group>";
		};
		84C90FEB202AC89F005478E6 /* Routing */ = {
			isa = PBXGroup;
			children = (
				84C90FEC202AC8BB005478E6 /* Routing.swift */,
			);
			path = Routing;
			sourceTree = "<group>";
		};
		84C90FF1202ACE22005478E6 /* ChnagePassword */ = {
			isa = PBXGroup;
			children = (
				84C90FF2202ACE3D005478E6 /* ChangePassword.storyboard */,
				84C90FF4202ACE5C005478E6 /* ChangePasswordViewController.swift */,
			);
			path = ChnagePassword;
			sourceTree = "<group>";
		};
		84C90FF6202ACEAD005478E6 /* Home */ = {
			isa = PBXGroup;
			children = (
				84C90FE7202AC6BE005478E6 /* Home.storyboard */,
				84C90FE9202AC6CE005478E6 /* HomeViewController.swift */,
			);
			path = Home;
			sourceTree = "<group>";
		};
		84C90FF7202ACEB5005478E6 /* Login */ = {
			isa = PBXGroup;
			children = (
				84C90FE32029D960005478E6 /* LoginViewController.swift */,
				84C90FE52029D996005478E6 /* Login.storyboard */,
			);
			path = Login;
			sourceTree = "<group>";
		};
		84C90FF8202AD068005478E6 /* Extensions */ = {
			isa = PBXGroup;
			children = (
				84C90FEF202AC9F7005478E6 /* UIStoryboard.swift */,
				84C90FF9202AD07A005478E6 /* UIViewController.swift */,
			);
			path = Extensions;
			sourceTree = "<group>";
		};
/* End PBXGroup section */

/* Begin PBXNativeTarget section */
		848655382029D463008263CE /* POP-Routing */ = {
			isa = PBXNativeTarget;
			buildConfigurationList = 8486554B2029D463008263CE /* Build configuration list for PBXNativeTarget "POP-Routing" */;
			buildPhases = (
				848655352029D463008263CE /* Sources */,
				848655362029D463008263CE /* Frameworks */,
				848655372029D463008263CE /* Resources */,
			);
			buildRules = (
			);
			dependencies = (
			);
			name = "POP-Routing";
			productName = "POP-Routing";
			productReference = 848655392029D463008263CE /* POP-Routing.app */;
			productType = "com.apple.product-type.application";
		};
/* End PBXNativeTarget section */

/* Begin PBXProject section */
		848655312029D463008263CE /* Project object */ = {
			isa = PBXProject;
			attributes = {
				LastSwiftUpdateCheck = 0920;
				LastUpgradeCheck = 0920;
				ORGANIZATIONNAME = v2solutions;
				TargetAttributes = {
					848655382029D463008263CE = {
						CreatedOnToolsVersion = 9.2;
						ProvisioningStyle = Automatic;
					};
				};
			};
			buildConfigurationList = 848655342029D463008263CE /* Build configuration list for PBXProject "POP-Routing" */;
			compatibilityVersion = "Xcode 8.0";
			developmentRegion = en;
			hasScannedForEncodings = 0;
			knownRegions = (
				en,
				Base,
			);
			mainGroup = 848655302029D463008263CE;
			productRefGroup = 8486553A2029D463008263CE /* Products */;
			projectDirPath = "";
			projectRoot = "";
			targets = (
				848655382029D463008263CE /* POP-Routing */,
			);
		};
/* End PBXProject section */

/* Begin PBXResourcesBuildPhase section */
		848655372029D463008263CE /* Resources */ = {
			isa = PBXResourcesBuildPhase;
			buildActionMask = 2147483647;
			files = (
				84C90FE62029D996005478E6 /* Login.storyboard in Resources */,
				84C90FF3202ACE3D005478E6 /* ChangePassword.storyboard in Resources */,
				84C90FE8202AC6BE005478E6 /* Home.storyboard in Resources */,
				848655472029D463008263CE /* LaunchScreen.storyboard in Resources */,
				848655442029D463008263CE /* Assets.xcassets in Resources */,
				848655422029D463008263CE /* Main.storyboard in Resources */,
			);
			runOnlyForDeploymentPostprocessing = 0;
		};
/* End PBXResourcesBuildPhase section */

/* Begin PBXSourcesBuildPhase section */
		848655352029D463008263CE /* Sources */ = {
			isa = PBXSourcesBuildPhase;
			buildActionMask = 2147483647;
			files = (
				84C90FFA202AD07A005478E6 /* UIViewController.swift in Sources */,
				84C90FF0202AC9F7005478E6 /* UIStoryboard.swift in Sources */,
				84C90FED202AC8BB005478E6 /* Routing.swift in Sources */,
				84C90FE42029D960005478E6 /* LoginViewController.swift in Sources */,
				8486553D2029D463008263CE /* AppDelegate.swift in Sources */,
				84C90FEA202AC6CE005478E6 /* HomeViewController.swift in Sources */,
				84C90FF5202ACE5C005478E6 /* ChangePasswordViewController.swift in Sources */,
			);
			runOnlyForDeploymentPostprocessing = 0;
		};
/* End PBXSourcesBuildPhase section */

/* Begin PBXVariantGroup section */
		848655402029D463008263CE /* Main.storyboard */ = {
			isa = PBXVariantGroup;
			children = (
				848655412029D463008263CE /* Base */,
			);
			name = Main.storyboard;
			sourceTree = "<group>";
		};
		848655452029D463008263CE /* LaunchScreen.storyboard */ = {
			isa = PBXVariantGroup;
			children = (
				848655462029D463008263CE /* Base */,
			);
			name = LaunchScreen.storyboard;
			sourceTree = "<group>";
		};
/* End PBXVariantGroup section */

/* Begin XCBuildConfiguration section */
		848655492029D463008263CE /* Debug */ = {
			isa = XCBuildConfiguration;
			buildSettings = {
				ALWAYS_SEARCH_USER_PATHS = NO;
				CLANG_ANALYZER_NONNULL = YES;
				CLANG_ANALYZER_NUMBER_OBJECT_CONVERSION = YES_AGGRESSIVE;
				CLANG_CXX_LANGUAGE_STANDARD = "gnu++14";
				CLANG_CXX_LIBRARY = "libc++";
				CLANG_ENABLE_MODULES = YES;
				CLANG_ENABLE_OBJC_ARC = YES;
				CLANG_WARN_BLOCK_CAPTURE_AUTORELEASING = YES;
				CLANG_WARN_BOOL_CONVERSION = YES;
				CLANG_WARN_COMMA = YES;
				CLANG_WARN_CONSTANT_CONVERSION = YES;
				CLANG_WARN_DIRECT_OBJC_ISA_USAGE = YES_ERROR;
				CLANG_WARN_DOCUMENTATION_COMMENTS = YES;
				CLANG_WARN_EMPTY_BODY = YES;
				CLANG_WARN_ENUM_CONVERSION = YES;
				CLANG_WARN_INFINITE_RECURSION = YES;
				CLANG_WARN_INT_CONVERSION = YES;
				CLANG_WARN_NON_LITERAL_NULL_CONVERSION = YES;
				CLANG_WARN_OBJC_LITERAL_CONVERSION = YES;
				CLANG_WARN_OBJC_ROOT_CLASS = YES_ERROR;
				CLANG_WARN_RANGE_LOOP_ANALYSIS = YES;
				CLANG_WARN_STRICT_PROTOTYPES = YES;
				CLANG_WARN_SUSPICIOUS_MOVE = YES;
				CLANG_WARN_UNGUARDED_AVAILABILITY = YES_AGGRESSIVE;
				CLANG_WARN_UNREACHABLE_CODE = YES;
				CLANG_WARN__DUPLICATE_METHOD_MATCH = YES;
				CODE_SIGN_IDENTITY = "iPhone Developer";
				COPY_PHASE_STRIP = NO;
				DEBUG_INFORMATION_FORMAT = dwarf;
				ENABLE_STRICT_OBJC_MSGSEND = YES;
				ENABLE_TESTABILITY = YES;
				GCC_C_LANGUAGE_STANDARD = gnu11;
				GCC_DYNAMIC_NO_PIC = NO;
				GCC_NO_COMMON_BLOCKS = YES;
				GCC_OPTIMIZATION_LEVEL = 0;
				GCC_PREPROCESSOR_DEFINITIONS = (
					"DEBUG=1",
					"$(inherited)",
				);
				GCC_WARN_64_TO_32_BIT_CONVERSION = YES;
				GCC_WARN_ABOUT_RETURN_TYPE = YES_ERROR;
				GCC_WARN_UNDECLARED_SELECTOR = YES;
				GCC_WARN_UNINITIALIZED_AUTOS = YES_AGGRESSIVE;
				GCC_WARN_UNUSED_FUNCTION = YES;
				GCC_WARN_UNUSED_VARIABLE = YES;
				IPHONEOS_DEPLOYMENT_TARGET = 11.2;
				MTL_ENABLE_DEBUG_INFO = YES;
				ONLY_ACTIVE_ARCH = YES;
				SDKROOT = iphoneos;
				SWIFT_ACTIVE_COMPILATION_CONDITIONS = DEBUG;
				SWIFT_OPTIMIZATION_LEVEL = "-Onone";
			};
			name = Debug;
		};
		8486554A2029D463008263CE /* Release */ = {
			isa = XCBuildConfiguration;
			buildSettings = {
				ALWAYS_SEARCH_USER_PATHS = NO;
				CLANG_ANALYZER_NONNULL = YES;
				CLANG_ANALYZER_NUMBER_OBJECT_CONVERSION = YES_AGGRESSIVE;
				CLANG_CXX_LANGUAGE_STANDARD = "gnu++14";
				CLANG_CXX_LIBRARY = "libc++";
				CLANG_ENABLE_MODULES = YES;
				CLANG_ENABLE_OBJC_ARC = YES;
				CLANG_WARN_BLOCK_CAPTURE_AUTORELEASING = YES;
				CLANG_WARN_BOOL_CONVERSION = YES;
				CLANG_WARN_COMMA = YES;
				CLANG_WARN_CONSTANT_CONVERSION = YES;
				CLANG_WARN_DIRECT_OBJC_ISA_USAGE = YES_ERROR;
				CLANG_WARN_DOCUMENTATION_COMMENTS = YES;
				CLANG_WARN_EMPTY_BODY = YES;
				CLANG_WARN_ENUM_CONVERSION = YES;
				CLANG_WARN_INFINITE_RECURSION = YES;
				CLANG_WARN_INT_CONVERSION = YES;
				CLANG_WARN_NON_LITERAL_NULL_CONVERSION = YES;
				CLANG_WARN_OBJC_LITERAL_CONVERSION = YES;
				CLANG_WARN_OBJC_ROOT_CLASS = YES_ERROR;
				CLANG_WARN_RANGE_LOOP_ANALYSIS = YES;
				CLANG_WARN_STRICT_PROTOTYPES = YES;
				CLANG_WARN_SUSPICIOUS_MOVE = YES;
				CLANG_WARN_UNGUARDED_AVAILABILITY = YES_AGGRESSIVE;
				CLANG_WARN_UNREACHABLE_CODE = YES;
				CLANG_WARN__DUPLICATE_METHOD_MATCH = YES;
				CODE_SIGN_IDENTITY = "iPhone Developer";
				COPY_PHASE_STRIP = NO;
				DEBUG_INFORMATION_FORMAT = "dwarf-with-dsym";
				ENABLE_NS_ASSERTIONS = NO;
				ENABLE_STRICT_OBJC_MSGSEND = YES;
				GCC_C_LANGUAGE_STANDARD = gnu11;
				GCC_NO_COMMON_BLOCKS = YES;
				GCC_WARN_64_TO_32_BIT_CONVERSION = YES;
				GCC_WARN_ABOUT_RETURN_TYPE = YES_ERROR;
				GCC_WARN_UNDECLARED_SELECTOR = YES;
				GCC_WARN_UNINITIALIZED_AUTOS = YES_AGGRESSIVE;
				GCC_WARN_UNUSED_FUNCTION = YES;
				GCC_WARN_UNUSED_VARIABLE = YES;
				IPHONEOS_DEPLOYMENT_TARGET = 11.2;
				MTL_ENABLE_DEBUG_INFO = NO;
				SDKROOT = iphoneos;
				SWIFT_OPTIMIZATION_LEVEL = "-Owholemodule";
				VALIDATE_PRODUCT = YES;
			};
			name = Release;
		};
		8486554C2029D463008263CE /* Debug */ = {
			isa = XCBuildConfiguration;
			buildSettings = {
				ASSETCATALOG_COMPILER_APPICON_NAME = AppIcon;
				CODE_SIGN_STYLE = Automatic;
				DEVELOPMENT_TEAM = 4G2KHJ47KE;
				INFOPLIST_FILE = "POP-Routing/Info.plist";
				LD_RUNPATH_SEARCH_PATHS = "$(inherited) @executable_path/Frameworks";
				PRODUCT_BUNDLE_IDENTIFIER = "com.v2solutions.POP-Routing";
				PRODUCT_NAME = "$(TARGET_NAME)";
				SWIFT_VERSION = 4.0;
				TARGETED_DEVICE_FAMILY = "1,2";
			};
			name = Debug;
		};
		8486554D2029D463008263CE /* Release */ = {
			isa = XCBuildConfiguration;
			buildSettings = {
				ASSETCATALOG_COMPILER_APPICON_NAME = AppIcon;
				CODE_SIGN_STYLE = Automatic;
				DEVELOPMENT_TEAM = 4G2KHJ47KE;
				INFOPLIST_FILE = "POP-Routing/Info.plist";
				LD_RUNPATH_SEARCH_PATHS = "$(inherited) @executable_path/Frameworks";
				PRODUCT_BUNDLE_IDENTIFIER = "com.v2solutions.POP-Routing";
				PRODUCT_NAME = "$(TARGET_NAME)";
				SWIFT_VERSION = 4.0;
				TARGETED_DEVICE_FAMILY = "1,2";
			};
			name = Release;
		};
/* End XCBuildConfiguration section */

/* Begin XCConfigurationList section */
		848655342029D463008263CE /* Build configuration list for PBXProject "POP-Routing" */ = {
			isa = XCConfigurationList;
			buildConfigurations = (
				848655492029D463008263CE /* Debug */,
				8486554A2029D463008263CE /* Release */,
			);
			defaultConfigurationIsVisible = 0;
			defaultConfigurationName = Release;
		};
		8486554B2029D463008263CE /* Build configuration list for PBXNativeTarget "POP-Routing" */ = {
			isa = XCConfigurationList;
			buildConfigurations = (
				8486554C2029D463008263CE /* Debug */,
				8486554D2029D463008263CE /* Release */,
			);
			defaultConfigurationIsVisible = 0;
			defaultConfigurationName = Release;
		};
/* End XCConfigurationList section */
	};
	rootObject = 848655312029D463008263CE /* Project object */;
}
